
Microsoft Visual Studio Solution File, Format Version 12.00
# Visual Studio Version 17
VisualStudioVersion = 17.13.35931.197
MinimumVisualStudioVersion = 10.0.40219.1
Project("{FAE04EC0-301F-11D3-BF4B-00C04F79EFBC}") = "GenderHealthcareSimple", "GenderHealthcareSimple.csproj", "{899E0454-727D-4B2E-A1BF-281C1FB4073C}"
EndProject
Project("{FAE04EC0-301F-11D3-BF4B-00C04F79EFBC}") = "GenderHealthcareTests", "..\GenderHealthcareTests\GenderHealthcareTests.csproj", "{D3653751-7823-4E48-ADC6-5D2911D4BF59}"
EndProject
Global
	GlobalSection(SolutionConfigurationPlatforms) = preSolution
		Debug|Any CPU = Debug|Any CPU
		Release|Any CPU = Release|Any CPU
	EndGlobalSection
	GlobalSection(ProjectConfigurationPlatforms) = postSolution
		{899E0454-727D-4B2E-A1BF-281C1FB4073C}.Debug|Any CPU.ActiveCfg = Debug|Any CPU
		{899E0454-727D-4B2E-A1BF-281C1FB4073C}.Debug|Any CPU.Build.0 = Debug|Any CPU
		{899E0454-727D-4B2E-A1BF-281C1FB4073C}.Release|Any CPU.ActiveCfg = Release|Any CPU
		{899E0454-727D-4B2E-A1BF-281C1FB4073C}.Release|Any CPU.Build.0 = Release|Any CPU
		{D3653751-7823-4E48-ADC6-5D2911D4BF59}.Debug|Any CPU.ActiveCfg = Debug|Any CPU
		{D3653751-7823-4E48-ADC6-5D2911D4BF59}.Debug|Any CPU.Build.0 = Debug|Any CPU
		{D3653751-7823-4E48-ADC6-5D2911D4BF59}.Release|Any CPU.ActiveCfg = Release|Any CPU
		{D3653751-7823-4E48-ADC6-5D2911D4BF59}.Release|Any CPU.Build.0 = Release|Any CPU
	EndGlobalSection
	GlobalSection(SolutionProperties) = preSolution
		HideSolutionNode = FALSE
	EndGlobalSection
	GlobalSection(ExtensibilityGlobals) = postSolution
		SolutionGuid = {E13F00EE-0209-42A1-87E0-1817C5517AEC}
	EndGlobalSection
EndGlobal
